
Microsoft Visual Studio Solution File, Format Version 12.00
# Visual Studio Version 17
VisualStudioVersion = 17.3.32901.215
MinimumVisualStudioVersion = 10.0.40219.1
Project("{FAE04EC0-301F-11D3-BF4B-00C04F79EFBC}") = "IITPlataformaRevendedor.Angular", "IITPlataformaRevendedor.Angular\IITPlataformaRevendedor.Angular.csproj", "{E01D4B61-5148-4CA2-99C4-D898F2E1539D}"
EndProject
Global
	GlobalSection(SolutionConfigurationPlatforms) = preSolution
		Debug|Any CPU = Debug|Any CPU
		Release|Any CPU = Release|Any CPU
	EndGlobalSection
	GlobalSection(ProjectConfigurationPlatforms) = postSolution
		{E01D4B61-5148-4CA2-99C4-D898F2E1539D}.Debug|Any CPU.ActiveCfg = Debug|Any CPU
		{E01D4B61-5148-4CA2-99C4-D898F2E1539D}.Debug|Any CPU.Build.0 = Debug|Any CPU
		{E01D4B61-5148-4CA2-99C4-D898F2E1539D}.Release|Any CPU.ActiveCfg = Release|Any CPU
		{E01D4B61-5148-4CA2-99C4-D898F2E1539D}.Release|Any CPU.Build.0 = Release|Any CPU
	EndGlobalSection
	GlobalSection(SolutionProperties) = preSolution
		HideSolutionNode = FALSE
	EndGlobalSection
	GlobalSection(ExtensibilityGlobals) = postSolution
		SolutionGuid = {600CC55A-0122-40E5-923F-02B8880567C4}
	EndGlobalSection
EndGlobal
